
Microsoft Visual Studio Solution File, Format Version 12.00
# Visual Studio Version 17
VisualStudioVersion = 17.13.35507.96 d17.13
MinimumVisualStudioVersion = 10.0.40219.1
Project("{FAE04EC0-301F-11D3-BF4B-00C04F79EFBC}") = "Triplo", "Triplo\Triplo\Triplo.csproj", "{24AE1D50-B6DB-4C6C-8C66-953471734DE7}"
EndProject
Project("{FAE04EC0-301F-11D3-BF4B-00C04F79EFBC}") = "Triplo.Client", "Triplo\Triplo.Client\Triplo.Client.csproj", "{5F34B0AE-D33D-4537-AEEA-B81F7D8B2840}"
EndProject
Project("{FAE04EC0-301F-11D3-BF4B-00C04F79EFBC}") = "Triplo.Data", "Triplo.Data\Triplo.Data.csproj", "{6841DBD5-3623-40A3-A2ED-D8F979769E57}"
EndProject
Global
	GlobalSection(SolutionConfigurationPlatforms) = preSolution
		Debug|Any CPU = Debug|Any CPU
		Release|Any CPU = Release|Any CPU
	EndGlobalSection
	GlobalSection(ProjectConfigurationPlatforms) = postSolution
		{24AE1D50-B6DB-4C6C-8C66-953471734DE7}.Debug|Any CPU.ActiveCfg = Debug|Any CPU
		{24AE1D50-B6DB-4C6C-8C66-953471734DE7}.Debug|Any CPU.Build.0 = Debug|Any CPU
		{24AE1D50-B6DB-4C6C-8C66-953471734DE7}.Release|Any CPU.ActiveCfg = Release|Any CPU
		{24AE1D50-B6DB-4C6C-8C66-953471734DE7}.Release|Any CPU.Build.0 = Release|Any CPU
		{5F34B0AE-D33D-4537-AEEA-B81F7D8B2840}.Debug|Any CPU.ActiveCfg = Debug|Any CPU
		{5F34B0AE-D33D-4537-AEEA-B81F7D8B2840}.Debug|Any CPU.Build.0 = Debug|Any CPU
		{5F34B0AE-D33D-4537-AEEA-B81F7D8B2840}.Release|Any CPU.ActiveCfg = Release|Any CPU
		{5F34B0AE-D33D-4537-AEEA-B81F7D8B2840}.Release|Any CPU.Build.0 = Release|Any CPU
		{6841DBD5-3623-40A3-A2ED-D8F979769E57}.Debug|Any CPU.ActiveCfg = Debug|Any CPU
		{6841DBD5-3623-40A3-A2ED-D8F979769E57}.Debug|Any CPU.Build.0 = Debug|Any CPU
		{6841DBD5-3623-40A3-A2ED-D8F979769E57}.Release|Any CPU.ActiveCfg = Release|Any CPU
		{6841DBD5-3623-40A3-A2ED-D8F979769E57}.Release|Any CPU.Build.0 = Release|Any CPU
	EndGlobalSection
	GlobalSection(SolutionProperties) = preSolution
		HideSolutionNode = FALSE
	EndGlobalSection
	GlobalSection(ExtensibilityGlobals) = postSolution
		SolutionGuid = {43EFCD62-46C9-4141-BB18-02D4C05BFE5B}
	EndGlobalSection
EndGlobal
